
Microsoft Visual Studio Solution File, Format Version 12.00
# Visual Studio Version 16
VisualStudioVersion = 16.0.31424.327
MinimumVisualStudioVersion = 10.0.40219.1
Project("{FAE04EC0-301F-11D3-BF4B-00C04F79EFBC}") = "MscrmTools.SolutionLayersExplorer", "MscrmTools.SolutionLayersExplorer\MscrmTools.SolutionLayersExplorer.csproj", "{3E1B3106-79BC-4966-9E98-9EDBD474F6F5}"
EndProject
Global
	GlobalSection(SolutionConfigurationPlatforms) = preSolution
		Debug|Any CPU = Debug|Any CPU
		Release|Any CPU = Release|Any CPU
	EndGlobalSection
	GlobalSection(ProjectConfigurationPlatforms) = postSolution
		{3E1B3106-79BC-4966-9E98-9EDBD474F6F5}.Debug|Any CPU.ActiveCfg = Debug|Any CPU
		{3E1B3106-79BC-4966-9E98-9EDBD474F6F5}.Debug|Any CPU.Build.0 = Debug|Any CPU
		{3E1B3106-79BC-4966-9E98-9EDBD474F6F5}.Release|Any CPU.ActiveCfg = Release|Any CPU
		{3E1B3106-79BC-4966-9E98-9EDBD474F6F5}.Release|Any CPU.Build.0 = Release|Any CPU
	EndGlobalSection
	GlobalSection(SolutionProperties) = preSolution
		HideSolutionNode = FALSE
	EndGlobalSection
	GlobalSection(ExtensibilityGlobals) = postSolution
		SolutionGuid = {01337B46-7E26-4699-8169-3F46E162EDE0}
	EndGlobalSection
EndGlobal
